
Microsoft Visual Studio Solution File, Format Version 12.00
# Visual Studio Express 2012 for Web
Project("{FAE04EC0-301F-11D3-BF4B-00C04F79EFBC}") = "TMNApi", "TMNApi\TMNApi.csproj", "{94FE3F42-664D-4E23-A0F4-74E1C65577A6}"
EndProject
Project("{FAE04EC0-301F-11D3-BF4B-00C04F79EFBC}") = "TMNPitchData.DAL", "TMNPitchData.DAL\TMNPitchData.DAL.csproj", "{2376A991-30A5-4CF3-9885-987255D74857}"
EndProject
Global
	GlobalSection(SolutionConfigurationPlatforms) = preSolution
		Debug|Any CPU = Debug|Any CPU
		Release|Any CPU = Release|Any CPU
	EndGlobalSection
	GlobalSection(ProjectConfigurationPlatforms) = postSolution
		{94FE3F42-664D-4E23-A0F4-74E1C65577A6}.Debug|Any CPU.ActiveCfg = Debug|Any CPU
		{94FE3F42-664D-4E23-A0F4-74E1C65577A6}.Debug|Any CPU.Build.0 = Debug|Any CPU
		{94FE3F42-664D-4E23-A0F4-74E1C65577A6}.Release|Any CPU.ActiveCfg = Release|Any CPU
		{94FE3F42-664D-4E23-A0F4-74E1C65577A6}.Release|Any CPU.Build.0 = Release|Any CPU
		{2376A991-30A5-4CF3-9885-987255D74857}.Debug|Any CPU.ActiveCfg = Debug|Any CPU
		{2376A991-30A5-4CF3-9885-987255D74857}.Debug|Any CPU.Build.0 = Debug|Any CPU
		{2376A991-30A5-4CF3-9885-987255D74857}.Release|Any CPU.ActiveCfg = Release|Any CPU
		{2376A991-30A5-4CF3-9885-987255D74857}.Release|Any CPU.Build.0 = Release|Any CPU
	EndGlobalSection
	GlobalSection(SolutionProperties) = preSolution
		HideSolutionNode = FALSE
	EndGlobalSection
EndGlobal
